{
    "_readme": [
        "This file locks the dependencies of your project to a known state",
        "Read more about it at https://getcomposer.org/doc/01-basic-usage.md#composer-lock-the-lock-file",
        "This file is @generated automatically"
    ],
    "hash": "e121db778cb1266bd6719dc4c36b907e",
    "content-hash": "372cd580f4dcfa0ee854c948414b1f85",
    "packages": [
        {
            "name": "grpc/grpc",
            "version": "v1.0.x-dev",
            "source": {
                "type": "git",
                "url": "https://github.com/grpc/grpc.git",
                "reference": "2686bdbb9c757a819d3aeaf3b96d2da728ae1cc0"
            },
            "dist": {
                "type": "zip",
                "url": "https://api.github.com/repos/grpc/grpc/zipball/2686bdbb9c757a819d3aeaf3b96d2da728ae1cc0",
                "reference": "2686bdbb9c757a819d3aeaf3b96d2da728ae1cc0",
                "shasum": ""
            },
            "require": {
                "php": ">=5.5.0",
                "stanley-cheung/protobuf-php": "v0.6"
            },
            "require-dev": {
                "google/auth": "v0.9"
            },
            "type": "library",
            "autoload": {
                "psr-4": {
                    "Grpc\\": "src/php/lib/Grpc/"
                }
            },
            "notification-url": "https://packagist.org/downloads/",
            "license": [
                "BSD-3-Clause"
            ],
            "description": "gRPC library for PHP",
            "homepage": "http://grpc.io",
            "keywords": [
                "rpc"
            ],
            "time": "2016-09-29 00:14:57"
        },
        {
            "name": "stanley-cheung/protobuf-php",
            "version": "v0.6",
            "source": {
                "type": "git",
                "url": "https://github.com/stanley-cheung/Protobuf-PHP.git",
                "reference": "e5d3b55b1898233e36abb552281d2dd0ce86c5e7"
            },
            "dist": {
                "type": "zip",
                "url": "https://api.github.com/repos/stanley-cheung/Protobuf-PHP/zipball/e5d3b55b1898233e36abb552281d2dd0ce86c5e7",
                "reference": "e5d3b55b1898233e36abb552281d2dd0ce86c5e7",
                "shasum": ""
            },
            "require": {
                "php": ">=5.3.0"
            },
            "bin": [
                "protoc-gen-php.bat",
                "protoc-gen-php.php"
            ],
            "type": "library",
            "extra": {
                "branch-alias": {
                    "dev-master": "1.0-dev"
                }
            },
            "autoload": {
                "psr-0": {
                    "DrSlump": "library/"
                }
            },
            "notification-url": "https://packagist.org/downloads/",
            "license": [
                "MIT"
            ],
            "authors": [
                {
                    "name": "Iván -DrSlump- Montes",
                    "email": "drslump@pollinimini.net",
                    "homepage": "https://github.com/drslump/Protobuf-PHP"
                }
            ],
            "description": "PHP implementation of Google's Protocol Buffers",
            "homepage": "https://github.com/stanley-cheung/Protobuf-PHP",
            "keywords": [
                "protobuf",
                "protocol buffer",
                "serializing"
            ],
            "time": "2016-07-22 02:12:15"
        }
    ],
    "packages-dev": [],
    "aliases": [],
    "minimum-stability": "dev",
    "stability-flags": [],
    "prefer-stable": false,
    "prefer-lowest": false,
    "platform": [],
    "platform-dev": []
}
